{
  "lockfile_version": "1",
  "packages": {
    "github:NixOS/nixpkgs/nixpkgs-unstable": {
      "last_modified": "2026-08-13T03:55:42Z",
      "resolved": "github:NixOS/nixpkgs/6b5e5b7a6631f065bf6908986990b37d845f847f?lastModified=1786593342&narHash=sha256-smTKQXMLLStzc8zJevMCckbk3My7SvbbLmPYZUJJKW4%3D"
    },
    "go@1.26": {
      "last_modified": "2026-08-27T07:16:00Z",
      "resolved": "github:NixOS/nixpkgs/c27cdad491a991b11ed731760aa2ef8db0cb0410#go",
      "source": "devbox-search",
      "version": "1.26.7",
      "systems": {
        "aarch64-darwin": {
          "outputs": [
            {
              "name": "out",
              "path": "/nix/store/jdgrfinlrf89z3wdfa6ipr1chpny5v11-go-1.26.7",
              "default": true
            }
          ],
          "store_path": "/nix/store/jdgrfinlrf89z3wdfa6ipr1chpny5v11-go-1.26.7"
        },
        "aarch64-linux": {
          "outputs": [
            {
              "name": "out",
              "path": "/nix/store/zbm0p3qbd92i7gj78rxajka9yvdrin7p-go-1.26.7",
              "default": true
            }
          ],
          "store_path": "/nix/store/zbm0p3qbd92i7gj78rxajka9yvdrin7p-go-1.26.7"
        },
        "x86_64-linux": {
          "outputs": [
            {
              "name": "out",
              "path": "/nix/store/i77g9dmcd399rmxk8688qfr4g2wzgk37-go-1.26.7",
              "default": true
            }
          ],
          "store_path": "/nix/store/i77g9dmcd399rmxk8688qfr4g2wzgk37-go-1.26.7"
        }
      }
    },
    "gopls@latest": {
      "last_modified": "2026-08-27T07:16:00Z",
      "resolved": "github:NixOS/nixpkgs/c27cdad491a991b11ed731760aa2ef8db0cb0410#gopls",
      "source": "devbox-search",
      "version": "0.23.0",
      "systems": {
        "aarch64-darwin": {
          "outputs": [
            {
              "name": "out",
              "path": "/nix/store/rdj83cx04c687hnqm6hmhh6yccgfsq7m-gopls-0.23.0",
              "default": true
            }
          ],
          "store_path": "/nix/store/rdj83cx04c687hnqm6hmhh6yccgfsq7m-gopls-0.23.0"
        },
        "aarch64-linux": {
          "outputs": [
            {
              "name": "out",
              "path": "/nix/store/lggc2bw3dm0m738q8jbs7dpf1gcchq4d-gopls-0.23.0",
              "default": true
            }
          ],
          "store_path": "/nix/store/lggc2bw3dm0m738q8jbs7dpf1gcchq4d-gopls-0.23.0"
        },
        "x86_64-linux": {
          "outputs": [
            {
              "name": "out",
              "path": "/nix/store/5k1i3qkaaxpp5kj3h4fn7csvn1a5xzg3-gopls-0.23.0",
              "default": true
            }
          ],
          "store_path": "/nix/store/5k1i3qkaaxpp5kj3h4fn7csvn1a5xzg3-gopls-0.23.0"
        }
      }
    },
    "sqlc": {
      "resolved": "github:NixOS/nixpkgs/6b5e5b7a6631f065bf6908986990b37d845f847f?narHash=sha256-smTKQXMLLStzc8zJevMCckbk3My7SvbbLmPYZUJJKW4%3D#sqlc",
      "source": "nixpkg"
    }
  }
}
